
Microsoft Visual Studio Solution File, Format Version 12.00
# Visual Studio Version 17
VisualStudioVersion = 17.1.32228.430
MinimumVisualStudioVersion = 10.0.40219.1
Project("{9A19103F-16F7-4668-BE54-9A1E7A4F7556}") = "PriceBasket", "PriceBasket.csproj", "{4352E27D-F3B1-40D5-AF92-D37ABB8B2D9E}"
EndProject
Project("{FAE04EC0-301F-11D3-BF4B-00C04F79EFBC}") = "PriceBasket.UnitTests", "..\PriceBasket.UnitTests\PriceBasket.UnitTests.csproj", "{ACBC9AF1-4622-4230-9A28-E5EC0776C58D}"
EndProject
Global
	GlobalSection(SolutionConfigurationPlatforms) = preSolution
		Debug|Any CPU = Debug|Any CPU
		Release|Any CPU = Release|Any CPU
	EndGlobalSection
	GlobalSection(ProjectConfigurationPlatforms) = postSolution
		{4352E27D-F3B1-40D5-AF92-D37ABB8B2D9E}.Debug|Any CPU.ActiveCfg = Debug|Any CPU
		{4352E27D-F3B1-40D5-AF92-D37ABB8B2D9E}.Debug|Any CPU.Build.0 = Debug|Any CPU
		{4352E27D-F3B1-40D5-AF92-D37ABB8B2D9E}.Release|Any CPU.ActiveCfg = Release|Any CPU
		{4352E27D-F3B1-40D5-AF92-D37ABB8B2D9E}.Release|Any CPU.Build.0 = Release|Any CPU
		{ACBC9AF1-4622-4230-9A28-E5EC0776C58D}.Debug|Any CPU.ActiveCfg = Debug|Any CPU
		{ACBC9AF1-4622-4230-9A28-E5EC0776C58D}.Debug|Any CPU.Build.0 = Debug|Any CPU
		{ACBC9AF1-4622-4230-9A28-E5EC0776C58D}.Release|Any CPU.ActiveCfg = Release|Any CPU
		{ACBC9AF1-4622-4230-9A28-E5EC0776C58D}.Release|Any CPU.Build.0 = Release|Any CPU
	EndGlobalSection
	GlobalSection(SolutionProperties) = preSolution
		HideSolutionNode = FALSE
	EndGlobalSection
	GlobalSection(ExtensibilityGlobals) = postSolution
		SolutionGuid = {89273506-62F7-4650-AF4A-D1D4363E5554}
	EndGlobalSection
EndGlobal
